// !$*UTF8*$!
{
	archiveVersion = 1;
	classes = {
	};
	objectVersion = 50;
	objects = {

/* Begin PBXBuildFile section */
		9A45393F24EECA3D00881A34 /* AppDelegate.swift in Sources */ = {isa = PBXBuildFile; fileRef = 9A45393E24EECA3D00881A34 /* AppDelegate.swift */; };
		9A45394124EECA3D00881A34 /* SceneDelegate.swift in Sources */ = {isa = PBXBuildFile; fileRef = 9A45394024EECA3D00881A34 /* SceneDelegate.swift */; };
		9A45394324EECA3D00881A34 /* ViewController.swift in Sources */ = {isa = PBXBuildFile; fileRef = 9A45394224EECA3D00881A34 /* ViewController.swift */; };
		9A45394624EECA3D00881A34 /* Main.storyboard in Resources */ = {isa = PBXBuildFile; fileRef = 9A45394424EECA3D00881A34 /* Main.storyboard */; };
		9A45394924EECA3D00881A34 /* GitTest.xcdatamodeld in Sources */ = {isa = PBXBuildFile; fileRef = 9A45394724EECA3D00881A34 /* GitTest.xcdatamodeld */; };
		9A45394B24EECA3F00881A34 /* Assets.xcassets in Resources */ = {isa = PBXBuildFile; fileRef = 9A45394A24EECA3F00881A34 /* Assets.xcassets */; };
		9A45394E24EECA3F00881A34 /* LaunchScreen.storyboard in Resources */ = {isa = PBXBuildFile; fileRef = 9A45394C24EECA3F00881A34 /* LaunchScreen.storyboard */; };
		9A45395924EECA3F00881A34 /* GitTestTests.swift in Sources */ = {isa = PBXBuildFile; fileRef = 9A45395824EECA3F00881A34 /* GitTestTests.swift */; };
		9A45396424EECA3F00881A34 /* GitTestUITests.swift in Sources */ = {isa = PBXBuildFile; fileRef = 9A45396324EECA3F00881A34 /* GitTestUITests.swift */; };
/* End PBXBuildFile section */

/* Begin PBXContainerItemProxy section */
		9A45395524EECA3F00881A34 /* PBXContainerItemProxy */ = {
			isa = PBXContainerItemProxy;
			containerPortal = 9A45393324EECA3D00881A34 /* Project object */;
			proxyType = 1;
			remoteGlobalIDString = 9A45393A24EECA3D00881A34;
			remoteInfo = GitTest;
		};
		9A45396024EECA3F00881A34 /* PBXContainerItemProxy */ = {
			isa = PBXContainerItemProxy;
			containerPortal = 9A45393324EECA3D00881A34 /* Project object */;
			proxyType = 1;
			remoteGlobalIDString = 9A45393A24EECA3D00881A34;
			remoteInfo = GitTest;
		};
/* End PBXContainerItemProxy section */

/* Begin PBXFileReference section */
		9A45393B24EECA3D00881A34 /* GitTest.app */ = {isa = PBXFileReference; explicitFileType = wrapper.application; includeInIndex = 0; path = GitTest.app; sourceTree = BUILT_PRODUCTS_DIR; };
		9A45393E24EECA3D00881A34 /* AppDelegate.swift */ = {isa = PBXFileReference; lastKnownFileType = sourcecode.swift; path = AppDelegate.swift; sourceTree = "<group>"; };
		9A45394024EECA3D00881A34 /* SceneDelegate.swift */ = {isa = PBXFileReference; lastKnownFileType = sourcecode.swift; path = SceneDelegate.swift; sourceTree = "<group>"; };
		9A45394224EECA3D00881A34 /* ViewController.swift */ = {isa = PBXFileReference; lastKnownFileType = sourcecode.swift; path = ViewController.swift; sourceTree = "<group>"; };
		9A45394524EECA3D00881A34 /* Base */ = {isa = PBXFileReference; lastKnownFileType = file.storyboard; name = Base; path = Base.lproj/Main.storyboard; sourceTree = "<group>"; };
		9A45394824EECA3D00881A34 /* GitTest.xcdatamodel */ = {isa = PBXFileReference; lastKnownFileType = wrapper.xcdatamodel; path = GitTest.xcdatamodel; sourceTree = "<group>"; };
		9A45394A24EECA3F00881A34 /* Assets.xcassets */ = {isa = PBXFileReference; lastKnownFileType = folder.assetcatalog; path = Assets.xcassets; sourceTree = "<group>"; };
		9A45394D24EECA3F00881A34 /* Base */ = {isa = PBXFileReference; lastKnownFileType = file.storyboard; name = Base; path = Base.lproj/LaunchScreen.storyboard; sourceTree = "<group>"; };
		9A45394F24EECA3F00881A34 /* Info.plist */ = {isa = PBXFileReference; lastKnownFileType = text.plist.xml; path = Info.plist; sourceTree = "<group>"; };
		9A45395424EECA3F00881A34 /* GitTestTests.xctest */ = {isa = PBXFileReference; explicitFileType = wrapper.cfbundle; includeInIndex = 0; path = GitTestTests.xctest; sourceTree = BUILT_PRODUCTS_DIR; };
		9A45395824EECA3F00881A34 /* GitTestTests.swift */ = {isa = PBXFileReference; lastKnownFileType = sourcecode.swift; path = GitTestTests.swift; sourceTree = "<group>"; };
		9A45395A24EECA3F00881A34 /* Info.plist */ = {isa = PBXFileReference; lastKnownFileType = text.plist.xml; path = Info.plist; sourceTree = "<group>"; };
		9A45395F24EECA3F00881A34 /* GitTestUITests.xctest */ = {isa = PBXFileReference; explicitFileType = wrapper.cfbundle; includeInIndex = 0; path = GitTestUITests.xctest; sourceTree = BUILT_PRODUCTS_DIR; };
		9A45396324EECA3F00881A34 /* GitTestUITests.swift */ = {isa = PBXFileReference; lastKnownFileType = sourcecode.swift; path = GitTestUITests.swift; sourceTree = "<group>"; };
		9A45396524EECA3F00881A34 /* Info.plist */ = {isa = PBXFileReference; lastKnownFileType = text.plist.xml; path = Info.plist; sourceTree = "<group>"; };
/* End PBXFileReference section */

/* Begin PBXFrameworksBuildPhase section */
		9A45393824EECA3D00881A34 /* Frameworks */ = {
			isa = PBXFrameworksBuildPhase;
			buildActionMask = 2147483647;
			files = (
			);
			runOnlyForDeploymentPostprocessing = 0;
		};
		9A45395124EECA3F00881A34 /* Frameworks */ = {
			isa = PBXFrameworksBuildPhase;
			buildActionMask = 2147483647;
			files = (
			);
			runOnlyForDeploymentPostprocessing = 0;
		};
		9A45395C24EECA3F00881A34 /* Frameworks */ = {
			isa = PBXFrameworksBuildPhase;
			buildActionMask = 2147483647;
			files = (
			);
			runOnlyForDeploymentPostprocessing = 0;
		};
/* End PBXFrameworksBuildPhase section */

/* Begin PBXGroup section */
		9A45393224EECA3D00881A34 = {
			isa = PBXGroup;
			children = (
				9A45393D24EECA3D00881A34 /* GitTest */,
				9A45395724EECA3F00881A34 /* GitTestTests */,
				9A45396224EECA3F00881A34 /* GitTestUITests */,
				9A45393C24EECA3D00881A34 /* Products */,
			);
			sourceTree = "<group>";
		};
		9A45393C24EECA3D00881A34 /* Products */ = {
			isa = PBXGroup;
			children = (
				9A45393B24EECA3D00881A34 /* GitTest.app */,
				9A45395424EECA3F00881A34 /* GitTestTests.xctest */,
				9A45395F24EECA3F00881A34 /* GitTestUITests.xctest */,
			);
			name = Products;
			sourceTree = "<group>";
		};
		9A45393D24EECA3D00881A34 /* GitTest */ = {
			isa = PBXGroup;
			children = (
				9A45393E24EECA3D00881A34 /* AppDelegate.swift */,
				9A45394024EECA3D00881A34 /* SceneDelegate.swift */,
				9A45394224EECA3D00881A34 /* ViewController.swift */,
				9A45394424EECA3D00881A34 /* Main.storyboard */,
				9A45394A24EECA3F00881A34 /* Assets.xcassets */,
				9A45394C24EECA3F00881A34 /* LaunchScreen.storyboard */,
				9A45394F24EECA3F00881A34 /* Info.plist */,
				9A45394724EECA3D00881A34 /* GitTest.xcdatamodeld */,
			);
			path = GitTest;
			sourceTree = "<group>";
		};
		9A45395724EECA3F00881A34 /* GitTestTests */ = {
			isa = PBXGroup;
			children = (
				9A45395824EECA3F00881A34 /* GitTestTests.swift */,
				9A45395A24EECA3F00881A34 /* Info.plist */,
			);
			path = GitTestTests;
			sourceTree = "<group>";
		};
		9A45396224EECA3F00881A34 /* GitTestUITests */ = {
			isa = PBXGroup;
			children = (
				9A45396324EECA3F00881A34 /* GitTestUITests.swift */,
				9A45396524EECA3F00881A34 /* Info.plist */,
			);
			path = GitTestUITests;
			sourceTree = "<group>";
		};
/* End PBXGroup section */

/* Begin PBXNativeTarget section */
		9A45393A24EECA3D00881A34 /* GitTest */ = {
			isa = PBXNativeTarget;
			buildConfigurationList = 9A45396824EECA3F00881A34 /* Build configuration list for PBXNativeTarget "GitTest" */;
			buildPhases = (
				9A45393724EECA3D00881A34 /* Sources */,
				9A45393824EECA3D00881A34 /* Frameworks */,
				9A45393924EECA3D00881A34 /* Resources */,
			);
			buildRules = (
			);
			dependencies = (
			);
			name = GitTest;
			productName = GitTest;
			productReference = 9A45393B24EECA3D00881A34 /* GitTest.app */;
			productType = "com.apple.product-type.application";
		};
		9A45395324EECA3F00881A34 /* GitTestTests */ = {
			isa = PBXNativeTarget;
			buildConfigurationList = 9A45396B24EECA3F00881A34 /* Build configuration list for PBXNativeTarget "GitTestTests" */;
			buildPhases = (
				9A45395024EECA3F00881A34 /* Sources */,
				9A45395124EECA3F00881A34 /* Frameworks */,
				9A45395224EECA3F00881A34 /* Resources */,
			);
			buildRules = (
			);
			dependencies = (
				9A45395624EECA3F00881A34 /* PBXTargetDependency */,
			);
			name = GitTestTests;
			productName = GitTestTests;
			productReference = 9A45395424EECA3F00881A34 /* GitTestTests.xctest */;
			productType = "com.apple.product-type.bundle.unit-test";
		};
		9A45395E24EECA3F00881A34 /* GitTestUITests */ = {
			isa = PBXNativeTarget;
			buildConfigurationList = 9A45396E24EECA3F00881A34 /* Build configuration list for PBXNativeTarget "GitTestUITests" */;
			buildPhases = (
				9A45395B24EECA3F00881A34 /* Sources */,
				9A45395C24EECA3F00881A34 /* Frameworks */,
				9A45395D24EECA3F00881A34 /* Resources */,
			);
			buildRules = (
			);
			dependencies = (
				9A45396124EECA3F00881A34 /* PBXTargetDependency */,
			);
			name = GitTestUITests;
			productName = GitTestUITests;
			productReference = 9A45395F24EECA3F00881A34 /* GitTestUITests.xctest */;
			productType = "com.apple.product-type.bundle.ui-testing";
		};
/* End PBXNativeTarget section */

/* Begin PBXProject section */
		9A45393324EECA3D00881A34 /* Project object */ = {
			isa = PBXProject;
			attributes = {
				LastSwiftUpdateCheck = 1160;
				LastUpgradeCheck = 1160;
				ORGANIZATIONNAME = "Mac mini";
				TargetAttributes = {
					9A45393A24EECA3D00881A34 = {
						CreatedOnToolsVersion = 11.6;
					};
					9A45395324EECA3F00881A34 = {
						CreatedOnToolsVersion = 11.6;
						TestTargetID = 9A45393A24EECA3D00881A34;
					};
					9A45395E24EECA3F00881A34 = {
						CreatedOnToolsVersion = 11.6;
						TestTargetID = 9A45393A24EECA3D00881A34;
					};
				};
			};
			buildConfigurationList = 9A45393624EECA3D00881A34 /* Build configuration list for PBXProject "GitTest" */;
			compatibilityVersion = "Xcode 9.3";
			developmentRegion = en;
			hasScannedForEncodings = 0;
			knownRegions = (
				en,
				Base,
			);
			mainGroup = 9A45393224EECA3D00881A34;
			productRefGroup = 9A45393C24EECA3D00881A34 /* Products */;
			projectDirPath = "";
			projectRoot = "";
			targets = (
				9A45393A24EECA3D00881A34 /* GitTest */,
				9A45395324EECA3F00881A34 /* GitTestTests */,
				9A45395E24EECA3F00881A34 /* GitTestUITests */,
			);
		};
/* End PBXProject section */

/* Begin PBXResourcesBuildPhase section */
		9A45393924EECA3D00881A34 /* Resources */ = {
			isa = PBXResourcesBuildPhase;
			buildActionMask = 2147483647;
			files = (
				9A45394E24EECA3F00881A34 /* LaunchScreen.storyboard in Resources */,
				9A45394B24EECA3F00881A34 /* Assets.xcassets in Resources */,
				9A45394624EECA3D00881A34 /* Main.storyboard in Resources */,
			);
			runOnlyForDeploymentPostprocessing = 0;
		};
		9A45395224EECA3F00881A34 /* Resources */ = {
			isa = PBXResourcesBuildPhase;
			buildActionMask = 2147483647;
			files = (
			);
			runOnlyForDeploymentPostprocessing = 0;
		};
		9A45395D24EECA3F00881A34 /* Resources */ = {
			isa = PBXResourcesBuildPhase;
			buildActionMask = 2147483647;
			files = (
			);
			runOnlyForDeploymentPostprocessing = 0;
		};
/* End PBXResourcesBuildPhase section */

/* Begin PBXSourcesBuildPhase section */
		9A45393724EECA3D00881A34 /* Sources */ = {
			isa = PBXSourcesBuildPhase;
			buildActionMask = 2147483647;
			files = (
				9A45394924EECA3D00881A34 /* GitTest.xcdatamodeld in Sources */,
				9A45394324EECA3D00881A34 /* ViewController.swift in Sources */,
				9A45393F24EECA3D00881A34 /* AppDelegate.swift in Sources */,
				9A45394124EECA3D00881A34 /* SceneDelegate.swift in Sources */,
			);
			runOnlyForDeploymentPostprocessing = 0;
		};
		9A45395024EECA3F00881A34 /* Sources */ = {
			isa = PBXSourcesBuildPhase;
			buildActionMask = 2147483647;
			files = (
				9A45395924EECA3F00881A34 /* GitTestTests.swift in Sources */,
			);
			runOnlyForDeploymentPostprocessing = 0;
		};
		9A45395B24EECA3F00881A34 /* Sources */ = {
			isa = PBXSourcesBuildPhase;
			buildActionMask = 2147483647;
			files = (
				9A45396424EECA3F00881A34 /* GitTestUITests.swift in Sources */,
			);
			runOnlyForDeploymentPostprocessing = 0;
		};
/* End PBXSourcesBuildPhase section */

/* Begin PBXTargetDependency section */
		9A45395624EECA3F00881A34 /* PBXTargetDependency */ = {
			isa = PBXTargetDependency;
			target = 9A45393A24EECA3D00881A34 /* GitTest */;
			targetProxy = 9A45395524EECA3F00881A34 /* PBXContainerItemProxy */;
		};
		9A45396124EECA3F00881A34 /* PBXTargetDependency */ = {
			isa = PBXTargetDependency;
			target = 9A45393A24EECA3D00881A34 /* GitTest */;
			targetProxy = 9A45396024EECA3F00881A34 /* PBXContainerItemProxy */;
		};
/* End PBXTargetDependency section */

/* Begin PBXVariantGroup section */
		9A45394424EECA3D00881A34 /* Main.storyboard */ = {
			isa = PBXVariantGroup;
			children = (
				9A45394524EECA3D00881A34 /* Base */,
			);
			name = Main.storyboard;
			sourceTree = "<group>";
		};
		9A45394C24EECA3F00881A34 /* LaunchScreen.storyboard */ = {
			isa = PBXVariantGroup;
			children = (
				9A45394D24EECA3F00881A34 /* Base */,
			);
			name = LaunchScreen.storyboard;
			sourceTree = "<group>";
		};
/* End PBXVariantGroup section */

/* Begin XCBuildConfiguration section */
		9A45396624EECA3F00881A34 /* Debug */ = {
			isa = XCBuildConfiguration;
			buildSettings = {
				ALWAYS_SEARCH_USER_PATHS = NO;
				CLANG_ANALYZER_NONNULL = YES;
				CLANG_ANALYZER_NUMBER_OBJECT_CONVERSION = YES_AGGRESSIVE;
				CLANG_CXX_LANGUAGE_STANDARD = "gnu++14";
				CLANG_CXX_LIBRARY = "libc++";
				CLANG_ENABLE_MODULES = YES;
				CLANG_ENABLE_OBJC_ARC = YES;
				CLANG_ENABLE_OBJC_WEAK = YES;
				CLANG_WARN_BLOCK_CAPTURE_AUTORELEASING = YES;
				CLANG_WARN_BOOL_CONVERSION = YES;
				CLANG_WARN_COMMA = YES;
				CLANG_WARN_CONSTANT_CONVERSION = YES;
				CLANG_WARN_DEPRECATED_OBJC_IMPLEMENTATIONS = YES;
				CLANG_WARN_DIRECT_OBJC_ISA_USAGE = YES_ERROR;
				CLANG_WARN_DOCUMENTATION_COMMENTS = YES;
				CLANG_WARN_EMPTY_BODY = YES;
				CLANG_WARN_ENUM_CONVERSION = YES;
				CLANG_WARN_INFINITE_RECURSION = YES;
				CLANG_WARN_INT_CONVERSION = YES;
				CLANG_WARN_NON_LITERAL_NULL_CONVERSION = YES;
				CLANG_WARN_OBJC_IMPLICIT_RETAIN_SELF = YES;
				CLANG_WARN_OBJC_LITERAL_CONVERSION = YES;
				CLANG_WARN_OBJC_ROOT_CLASS = YES_ERROR;
				CLANG_WARN_RANGE_LOOP_ANALYSIS = YES;
				CLANG_WARN_STRICT_PROTOTYPES = YES;
				CLANG_WARN_SUSPICIOUS_MOVE = YES;
				CLANG_WARN_UNGUARDED_AVAILABILITY = YES_AGGRESSIVE;
				CLANG_WARN_UNREACHABLE_CODE = YES;
				CLANG_WARN__DUPLICATE_METHOD_MATCH = YES;
				COPY_PHASE_STRIP = NO;
				DEBUG_INFORMATION_FORMAT = dwarf;
				ENABLE_STRICT_OBJC_MSGSEND = YES;
				ENABLE_TESTABILITY = YES;
				GCC_C_LANGUAGE_STANDARD = gnu11;
				GCC_DYNAMIC_NO_PIC = NO;
				GCC_NO_COMMON_BLOCKS = YES;
				GCC_OPTIMIZATION_LEVEL = 0;
				GCC_PREPROCESSOR_DEFINITIONS = (
					"DEBUG=1",
					"$(inherited)",
				);
				GCC_WARN_64_TO_32_BIT_CONVERSION = YES;
				GCC_WARN_ABOUT_RETURN_TYPE = YES_ERROR;
				GCC_WARN_UNDECLARED_SELECTOR = YES;
				GCC_WARN_UNINITIALIZED_AUTOS = YES_AGGRESSIVE;
				GCC_WARN_UNUSED_FUNCTION = YES;
				GCC_WARN_UNUSED_VARIABLE = YES;
				IPHONEOS_DEPLOYMENT_TARGET = 13.6;
				MTL_ENABLE_DEBUG_INFO = INCLUDE_SOURCE;
				MTL_FAST_MATH = YES;
				ONLY_ACTIVE_ARCH = YES;
				SDKROOT = iphoneos;
				SWIFT_ACTIVE_COMPILATION_CONDITIONS = DEBUG;
				SWIFT_OPTIMIZATION_LEVEL = "-Onone";
			};
			name = Debug;
		};
		9A45396724EECA3F00881A34 /* Release */ = {
			isa = XCBuildConfiguration;
			buildSettings = {
				ALWAYS_SEARCH_USER_PATHS = NO;
				CLANG_ANALYZER_NONNULL = YES;
				CLANG_ANALYZER_NUMBER_OBJECT_CONVERSION = YES_AGGRESSIVE;
				CLANG_CXX_LANGUAGE_STANDARD = "gnu++14";
				CLANG_CXX_LIBRARY = "libc++";
				CLANG_ENABLE_MODULES = YES;
				CLANG_ENABLE_OBJC_ARC = YES;
				CLANG_ENABLE_OBJC_WEAK = YES;
				CLANG_WARN_BLOCK_CAPTURE_AUTORELEASING = YES;
				CLANG_WARN_BOOL_CONVERSION = YES;
				CLANG_WARN_COMMA = YES;
				CLANG_WARN_CONSTANT_CONVERSION = YES;
				CLANG_WARN_DEPRECATED_OBJC_IMPLEMENTATIONS = YES;
				CLANG_WARN_DIRECT_OBJC_ISA_USAGE = YES_ERROR;
				CLANG_WARN_DOCUMENTATION_COMMENTS = YES;
				CLANG_WARN_EMPTY_BODY = YES;
				CLANG_WARN_ENUM_CONVERSION = YES;
				CLANG_WARN_INFINITE_RECURSION = YES;
				CLANG_WARN_INT_CONVERSION = YES;
				CLANG_WARN_NON_LITERAL_NULL_CONVERSION = YES;
				CLANG_WARN_OBJC_IMPLICIT_RETAIN_SELF = YES;
				CLANG_WARN_OBJC_LITERAL_CONVERSION = YES;
				CLANG_WARN_OBJC_ROOT_CLASS = YES_ERROR;
				CLANG_WARN_RANGE_LOOP_ANALYSIS = YES;
				CLANG_WARN_STRICT_PROTOTYPES = YES;
				CLANG_WARN_SUSPICIOUS_MOVE = YES;
				CLANG_WARN_UNGUARDED_AVAILABILITY = YES_AGGRESSIVE;
				CLANG_WARN_UNREACHABLE_CODE = YES;
				CLANG_WARN__DUPLICATE_METHOD_MATCH = YES;
				COPY_PHASE_STRIP = NO;
				DEBUG_INFORMATION_FORMAT = "dwarf-with-dsym";
				ENABLE_NS_ASSERTIONS = NO;
				ENABLE_STRICT_OBJC_MSGSEND = YES;
				GCC_C_LANGUAGE_STANDARD = gnu11;
				GCC_NO_COMMON_BLOCKS = YES;
				GCC_WARN_64_TO_32_BIT_CONVERSION = YES;
				GCC_WARN_ABOUT_RETURN_TYPE = YES_ERROR;
				GCC_WARN_UNDECLARED_SELECTOR = YES;
				GCC_WARN_UNINITIALIZED_AUTOS = YES_AGGRESSIVE;
				GCC_WARN_UNUSED_FUNCTION = YES;
				GCC_WARN_UNUSED_VARIABLE = YES;
				IPHONEOS_DEPLOYMENT_TARGET = 13.6;
				MTL_ENABLE_DEBUG_INFO = NO;
				MTL_FAST_MATH = YES;
				SDKROOT = iphoneos;
				SWIFT_COMPILATION_MODE = wholemodule;
				SWIFT_OPTIMIZATION_LEVEL = "-O";
				VALIDATE_PRODUCT = YES;
			};
			name = Release;
		};
		9A45396924EECA3F00881A34 /* Debug */ = {
			isa = XCBuildConfiguration;
			buildSettings = {
				ASSETCATALOG_COMPILER_APPICON_NAME = AppIcon;
				CODE_SIGN_STYLE = Automatic;
				DEVELOPMENT_TEAM = F23GD77ZRK;
				INFOPLIST_FILE = GitTest/Info.plist;
				LD_RUNPATH_SEARCH_PATHS = (
					"$(inherited)",
					"@executable_path/Frameworks",
				);
				PRODUCT_BUNDLE_IDENTIFIER = "hanmok-main.GitTest";
				PRODUCT_NAME = "$(TARGET_NAME)";
				SWIFT_VERSION = 5.0;
				TARGETED_DEVICE_FAMILY = "1,2";
			};
			name = Debug;
		};
		9A45396A24EECA3F00881A34 /* Release */ = {
			isa = XCBuildConfiguration;
			buildSettings = {
				ASSETCATALOG_COMPILER_APPICON_NAME = AppIcon;
				CODE_SIGN_STYLE = Automatic;
				DEVELOPMENT_TEAM = F23GD77ZRK;
				INFOPLIST_FILE = GitTest/Info.plist;
				LD_RUNPATH_SEARCH_PATHS = (
					"$(inherited)",
					"@executable_path/Frameworks",
				);
				PRODUCT_BUNDLE_IDENTIFIER = "hanmok-main.GitTest";
				PRODUCT_NAME = "$(TARGET_NAME)";
				SWIFT_VERSION = 5.0;
				TARGETED_DEVICE_FAMILY = "1,2";
			};
			name = Release;
		};
		9A45396C24EECA3F00881A34 /* Debug */ = {
			isa = XCBuildConfiguration;
			buildSettings = {
				ALWAYS_EMBED_SWIFT_STANDARD_LIBRARIES = YES;
				BUNDLE_LOADER = "$(TEST_HOST)";
				CODE_SIGN_STYLE = Automatic;
				DEVELOPMENT_TEAM = F23GD77ZRK;
				INFOPLIST_FILE = GitTestTests/Info.plist;
				IPHONEOS_DEPLOYMENT_TARGET = 13.6;
				LD_RUNPATH_SEARCH_PATHS = (
					"$(inherited)",
					"@executable_path/Frameworks",
					"@loader_path/Frameworks",
				);
				PRODUCT_BUNDLE_IDENTIFIER = "hanmok-main.GitTestTests";
				PRODUCT_NAME = "$(TARGET_NAME)";
				SWIFT_VERSION = 5.0;
				TARGETED_DEVICE_FAMILY = "1,2";
				TEST_HOST = "$(BUILT_PRODUCTS_DIR)/GitTest.app/GitTest";
			};
			name = Debug;
		};
		9A45396D24EECA3F00881A34 /* Release */ = {
			isa = XCBuildConfiguration;
			buildSettings = {
				ALWAYS_EMBED_SWIFT_STANDARD_LIBRARIES = YES;
				BUNDLE_LOADER = "$(TEST_HOST)";
				CODE_SIGN_STYLE = Automatic;
				DEVELOPMENT_TEAM = F23GD77ZRK;
				INFOPLIST_FILE = GitTestTests/Info.plist;
				IPHONEOS_DEPLOYMENT_TARGET = 13.6;
				LD_RUNPATH_SEARCH_PATHS = (
					"$(inherited)",
					"@executable_path/Frameworks",
					"@loader_path/Frameworks",
				);
				PRODUCT_BUNDLE_IDENTIFIER = "hanmok-main.GitTestTests";
				PRODUCT_NAME = "$(TARGET_NAME)";
				SWIFT_VERSION = 5.0;
				TARGETED_DEVICE_FAMILY = "1,2";
				TEST_HOST = "$(BUILT_PRODUCTS_DIR)/GitTest.app/GitTest";
			};
			name = Release;
		};
		9A45396F24EECA3F00881A34 /* Debug */ = {
			isa = XCBuildConfiguration;
			buildSettings = {
				ALWAYS_EMBED_SWIFT_STANDARD_LIBRARIES = YES;
				CODE_SIGN_STYLE = Automatic;
				DEVELOPMENT_TEAM = F23GD77ZRK;
				INFOPLIST_FILE = GitTestUITests/Info.plist;
				LD_RUNPATH_SEARCH_PATHS = (
					"$(inherited)",
					"@executable_path/Frameworks",
					"@loader_path/Frameworks",
				);
				PRODUCT_BUNDLE_IDENTIFIER = "hanmok-main.GitTestUITests";
				PRODUCT_NAME = "$(TARGET_NAME)";
				SWIFT_VERSION = 5.0;
				TARGETED_DEVICE_FAMILY = "1,2";
				TEST_TARGET_NAME = GitTest;
			};
			name = Debug;
		};
		9A45397024EECA3F00881A34 /* Release */ = {
			isa = XCBuildConfiguration;
			buildSettings = {
				ALWAYS_EMBED_SWIFT_STANDARD_LIBRARIES = YES;
				CODE_SIGN_STYLE = Automatic;
				DEVELOPMENT_TEAM = F23GD77ZRK;
				INFOPLIST_FILE = GitTestUITests/Info.plist;
				LD_RUNPATH_SEARCH_PATHS = (
					"$(inherited)",
					"@executable_path/Frameworks",
					"@loader_path/Frameworks",
				);
				PRODUCT_BUNDLE_IDENTIFIER = "hanmok-main.GitTestUITests";
				PRODUCT_NAME = "$(TARGET_NAME)";
				SWIFT_VERSION = 5.0;
				TARGETED_DEVICE_FAMILY = "1,2";
				TEST_TARGET_NAME = GitTest;
			};
			name = Release;
		};
/* End XCBuildConfiguration section */

/* Begin XCConfigurationList section */
		9A45393624EECA3D00881A34 /* Build configuration list for PBXProject "GitTest" */ = {
			isa = XCConfigurationList;
			buildConfigurations = (
				9A45396624EECA3F00881A34 /* Debug */,
				9A45396724EECA3F00881A34 /* Release */,
			);
			defaultConfigurationIsVisible = 0;
			defaultConfigurationName = Release;
		};
		9A45396824EECA3F00881A34 /* Build configuration list for PBXNativeTarget "GitTest" */ = {
			isa = XCConfigurationList;
			buildConfigurations = (
				9A45396924EECA3F00881A34 /* Debug */,
				9A45396A24EECA3F00881A34 /* Release */,
			);
			defaultConfigurationIsVisible = 0;
			defaultConfigurationName = Release;
		};
		9A45396B24EECA3F00881A34 /* Build configuration list for PBXNativeTarget "GitTestTests" */ = {
			isa = XCConfigurationList;
			buildConfigurations = (
				9A45396C24EECA3F00881A34 /* Debug */,
				9A45396D24EECA3F00881A34 /* Release */,
			);
			defaultConfigurationIsVisible = 0;
			defaultConfigurationName = Release;
		};
		9A45396E24EECA3F00881A34 /* Build configuration list for PBXNativeTarget "GitTestUITests" */ = {
			isa = XCConfigurationList;
			buildConfigurations = (
				9A45396F24EECA3F00881A34 /* Debug */,
				9A45397024EECA3F00881A34 /* Release */,
			);
			defaultConfigurationIsVisible = 0;
			defaultConfigurationName = Release;
		};
/* End XCConfigurationList section */

/* Begin XCVersionGroup section */
		9A45394724EECA3D00881A34 /* GitTest.xcdatamodeld */ = {
			isa = XCVersionGroup;
			children = (
				9A45394824EECA3D00881A34 /* GitTest.xcdatamodel */,
			);
			currentVersion = 9A45394824EECA3D00881A34 /* GitTest.xcdatamodel */;
			path = GitTest.xcdatamodeld;
			sourceTree = "<group>";
			versionGroupType = wrapper.xcdatamodel;
		};
/* End XCVersionGroup section */
	};
	rootObject = 9A45393324EECA3D00881A34 /* Project object */;
}
